lockfileVersion: '6.0'

settings:
  autoInstallPeers: true
  excludeLinksFromLockfile: false

dependencies:
  cron:
    specifier: ^2.4.3
    version: 2.4.3
  dayjs:
    specifier: ^1.11.9
    version: 1.11.9

devDependencies:
  '@types/node':
    specifier: ^20.5.9
    version: 20.5.9

packages:

  /@types/luxon@3.3.2:
    resolution: {integrity: sha512-l5cpE57br4BIjK+9BSkFBOsWtwv6J9bJpC7gdXIzZyI0vuKvNTk0wZZrkQxMGsUAuGW9+WMNWF2IJMD7br2yeQ==}
    dev: false

  /@types/node@20.5.9:
    resolution: {integrity: sha512-PcGNd//40kHAS3sTlzKB9C9XL4K0sTup8nbG5lC14kzEteTNuAFh9u5nA0o5TWnSG2r/JNPRXFVcHJIIeRlmqQ==}
    dev: true

  /cron@2.4.3:
    resolution: {integrity: sha512-YBvExkQYF7w0PxyeFLRyr817YVDhGxaCi5/uRRMqa4aWD3IFKRd+uNbpW1VWMdqQy8PZ7CElc+accXJcauPKzQ==}
    dependencies:
      '@types/luxon': 3.3.2
      luxon: 3.3.0
    dev: false

  /dayjs@1.11.9:
    resolution: {integrity: sha512-QvzAURSbQ0pKdIye2txOzNaHmxtUBXerpY0FJsFXUMKbIZeFm5ht1LS/jFsrncjnmtv8HsG0W2g6c0zUjZWmpA==}
    dev: false

  /luxon@3.3.0:
    resolution: {integrity: sha512-An0UCfG/rSiqtAIiBPO0Y9/zAnHUZxAMiCpTd5h2smgsj7GGmcenvrvww2cqNA8/4A5ZrD1gJpHN2mIHZQF+Mg==}
    engines: {node: '>=12'}
    dev: false
